
Microsoft Visual Studio Solution File, Format Version 12.00
# Visual Studio Version 17
VisualStudioVersion = 17.5.33516.290
MinimumVisualStudioVersion = 10.0.40219.1
Project("{2150E333-8FDC-42A3-9474-1A3956D46DE8}") = "ApiConsume", "ApiConsume", "{48CF9990-1060-487B-8630-334321BCFB85}"
EndProject
Project("{2150E333-8FDC-42A3-9474-1A3956D46DE8}") = "Todolist", "Todolist", "{3250CD15-31A7-4AD7-AE6E-AA4741F26A4E}"
EndProject
Project("{2150E333-8FDC-42A3-9474-1A3956D46DE8}") = "Frontend", "Frontend", "{8EBB6351-B7DE-4DC8-8AF9-4F6FE23523AC}"
EndProject
Project("{FAE04EC0-301F-11D3-BF4B-00C04F79EFBC}") = "HotelProject.WebApi", "ApiConsume\HotelProject.WebApi\HotelProject.WebApi.csproj", "{A696A1F9-976E-46F1-A0FE-D02897EC5BA0}"
EndProject
Project("{FAE04EC0-301F-11D3-BF4B-00C04F79EFBC}") = "HotelProject.EntityLayer", "ApiConsume\HotelProject.EntityLayer\HotelProject.EntityLayer.csproj", "{8F008FF1-FDD9-48C3-990C-B442D6BCEE6E}"
EndProject
Project("{FAE04EC0-301F-11D3-BF4B-00C04F79EFBC}") = "HotelProject.DataAccessLayer", "ApiConsume\HotelProject.DataAccessLayer\HotelProject.DataAccessLayer.csproj", "{91A3BC7D-226B-4CBE-B72A-60924850415E}"
EndProject
Project("{FAE04EC0-301F-11D3-BF4B-00C04F79EFBC}") = "HotelProject.BusinessLayer", "ApiConsume\HotelProject.BusinessLayer\HotelProject.BusinessLayer.csproj", "{F0A39DF9-3D39-4607-BC85-A534F77C5D0A}"
EndProject
Project("{FAE04EC0-301F-11D3-BF4B-00C04F79EFBC}") = "HotelProject.DtoLayer", "ApiConsume\HotelProject.DtoLayer\HotelProject.DtoLayer.csproj", "{ADFB0EC7-1BB7-4946-8E69-5B10C9B24EDB}"
EndProject
Project("{FAE04EC0-301F-11D3-BF4B-00C04F79EFBC}") = "HotelProject.WebUI", "Frontend\HotelProject.WebUI\HotelProject.WebUI.csproj", "{20687114-4914-447E-BD3B-BB5AEA5EF10A}"
EndProject
Global
	GlobalSection(SolutionConfigurationPlatforms) = preSolution
		Debug|Any CPU = Debug|Any CPU
		Release|Any CPU = Release|Any CPU
	EndGlobalSection
	GlobalSection(ProjectConfigurationPlatforms) = postSolution
		{A696A1F9-976E-46F1-A0FE-D02897EC5BA0}.Debug|Any CPU.ActiveCfg = Debug|Any CPU
		{A696A1F9-976E-46F1-A0FE-D02897EC5BA0}.Debug|Any CPU.Build.0 = Debug|Any CPU
		{A696A1F9-976E-46F1-A0FE-D02897EC5BA0}.Release|Any CPU.ActiveCfg = Release|Any CPU
		{A696A1F9-976E-46F1-A0FE-D02897EC5BA0}.Release|Any CPU.Build.0 = Release|Any CPU
		{8F008FF1-FDD9-48C3-990C-B442D6BCEE6E}.Debug|Any CPU.ActiveCfg = Debug|Any CPU
		{8F008FF1-FDD9-48C3-990C-B442D6BCEE6E}.Debug|Any CPU.Build.0 = Debug|Any CPU
		{8F008FF1-FDD9-48C3-990C-B442D6BCEE6E}.Release|Any CPU.ActiveCfg = Release|Any CPU
		{8F008FF1-FDD9-48C3-990C-B442D6BCEE6E}.Release|Any CPU.Build.0 = Release|Any CPU
		{91A3BC7D-226B-4CBE-B72A-60924850415E}.Debug|Any CPU.ActiveCfg = Debug|Any CPU
		{91A3BC7D-226B-4CBE-B72A-60924850415E}.Debug|Any CPU.Build.0 = Debug|Any CPU
		{91A3BC7D-226B-4CBE-B72A-60924850415E}.Release|Any CPU.ActiveCfg = Release|Any CPU
		{91A3BC7D-226B-4CBE-B72A-60924850415E}.Release|Any CPU.Build.0 = Release|Any CPU
		{F0A39DF9-3D39-4607-BC85-A534F77C5D0A}.Debug|Any CPU.ActiveCfg = Debug|Any CPU
		{F0A39DF9-3D39-4607-BC85-A534F77C5D0A}.Debug|Any CPU.Build.0 = Debug|Any CPU
		{F0A39DF9-3D39-4607-BC85-A534F77C5D0A}.Release|Any CPU.ActiveCfg = Release|Any CPU
		{F0A39DF9-3D39-4607-BC85-A534F77C5D0A}.Release|Any CPU.Build.0 = Release|Any CPU
		{ADFB0EC7-1BB7-4946-8E69-5B10C9B24EDB}.Debug|Any CPU.ActiveCfg = Debug|Any CPU
		{ADFB0EC7-1BB7-4946-8E69-5B10C9B24EDB}.Debug|Any CPU.Build.0 = Debug|Any CPU
		{ADFB0EC7-1BB7-4946-8E69-5B10C9B24EDB}.Release|Any CPU.ActiveCfg = Release|Any CPU
		{ADFB0EC7-1BB7-4946-8E69-5B10C9B24EDB}.Release|Any CPU.Build.0 = Release|Any CPU
		{20687114-4914-447E-BD3B-BB5AEA5EF10A}.Debug|Any CPU.ActiveCfg = Debug|Any CPU
		{20687114-4914-447E-BD3B-BB5AEA5EF10A}.Debug|Any CPU.Build.0 = Debug|Any CPU
		{20687114-4914-447E-BD3B-BB5AEA5EF10A}.Release|Any CPU.ActiveCfg = Release|Any CPU
		{20687114-4914-447E-BD3B-BB5AEA5EF10A}.Release|Any CPU.Build.0 = Release|Any CPU
	EndGlobalSection
	GlobalSection(SolutionProperties) = preSolution
		HideSolutionNode = FALSE
	EndGlobalSection
	GlobalSection(NestedProjects) = preSolution
		{A696A1F9-976E-46F1-A0FE-D02897EC5BA0} = {48CF9990-1060-487B-8630-334321BCFB85}
		{8F008FF1-FDD9-48C3-990C-B442D6BCEE6E} = {48CF9990-1060-487B-8630-334321BCFB85}
		{91A3BC7D-226B-4CBE-B72A-60924850415E} = {48CF9990-1060-487B-8630-334321BCFB85}
		{F0A39DF9-3D39-4607-BC85-A534F77C5D0A} = {48CF9990-1060-487B-8630-334321BCFB85}
		{ADFB0EC7-1BB7-4946-8E69-5B10C9B24EDB} = {48CF9990-1060-487B-8630-334321BCFB85}
		{20687114-4914-447E-BD3B-BB5AEA5EF10A} = {8EBB6351-B7DE-4DC8-8AF9-4F6FE23523AC}
	EndGlobalSection
	GlobalSection(ExtensibilityGlobals) = postSolution
		SolutionGuid = {B090FCF3-AE2F-4190-A030-4092E51CBC9A}
	EndGlobalSection
EndGlobal
